
Microsoft Visual Studio Solution File, Format Version 12.00
# Visual Studio 15
Project("{FAE04EC0-301F-11D3-BF4B-00C04F79EFBC}") = "Assembly-CSharp", "Assembly-CSharp.csproj", "{5919951F-A562-7CA2-0954-15CCE80848D6}"
EndProject
Project("{FAE04EC0-301F-11D3-BF4B-00C04F79EFBC}") = "Assembly-CSharp-Editor", "Assembly-CSharp-Editor.csproj", "{2D16D639-6D8E-0CAA-0DB3-60FA20A23137}"
EndProject
Global
	GlobalSection(SolutionConfigurationPlatforms) = preSolution
		Debug|Any CPU = Debug|Any CPU
		Release|Any CPU = Release|Any CPU
	EndGlobalSection
	GlobalSection(ProjectConfigurationPlatforms) = postSolution
		{5919951F-A562-7CA2-0954-15CCE80848D6}.Debug|Any CPU.ActiveCfg = Debug|Any CPU
		{5919951F-A562-7CA2-0954-15CCE80848D6}.Debug|Any CPU.Build.0 = Debug|Any CPU
		{5919951F-A562-7CA2-0954-15CCE80848D6}.Release|Any CPU.ActiveCfg = Release|Any CPU
		{5919951F-A562-7CA2-0954-15CCE80848D6}.Release|Any CPU.Build.0 = Release|Any CPU
		{2D16D639-6D8E-0CAA-0DB3-60FA20A23137}.Debug|Any CPU.ActiveCfg = Debug|Any CPU
		{2D16D639-6D8E-0CAA-0DB3-60FA20A23137}.Debug|Any CPU.Build.0 = Debug|Any CPU
		{2D16D639-6D8E-0CAA-0DB3-60FA20A23137}.Release|Any CPU.ActiveCfg = Release|Any CPU
		{2D16D639-6D8E-0CAA-0DB3-60FA20A23137}.Release|Any CPU.Build.0 = Release|Any CPU
	EndGlobalSection
	GlobalSection(SolutionProperties) = preSolution
		HideSolutionNode = FALSE
	EndGlobalSection
EndGlobal
